
Microsoft Visual Studio Solution File, Format Version 12.00
# Visual Studio 15
VisualStudioVersion = 15.0.28307.168
MinimumVisualStudioVersion = 10.0.40219.1
Project("{FAE04EC0-301F-11D3-BF4B-00C04F79EFBC}") = "Microsoft.QuickInject", "src\Microsoft.QuickInject.csproj", "{D15AE1D6-6550-4722-A6D1-B6E792E1A66D}"
EndProject
Project("{FAE04EC0-301F-11D3-BF4B-00C04F79EFBC}") = "UnitTests", "UnitTests\UnitTests.csproj", "{791FE621-6CD5-4BD1-81CE-C80B0831CDB3}"
EndProject
Global
	GlobalSection(SolutionConfigurationPlatforms) = preSolution
		Debug|Any CPU = Debug|Any CPU
		Release|Any CPU = Release|Any CPU
	EndGlobalSection
	GlobalSection(ProjectConfigurationPlatforms) = postSolution
		{D15AE1D6-6550-4722-A6D1-B6E792E1A66D}.Debug|Any CPU.ActiveCfg = Debug|Any CPU
		{D15AE1D6-6550-4722-A6D1-B6E792E1A66D}.Debug|Any CPU.Build.0 = Debug|Any CPU
		{D15AE1D6-6550-4722-A6D1-B6E792E1A66D}.Release|Any CPU.ActiveCfg = Release|Any CPU
		{D15AE1D6-6550-4722-A6D1-B6E792E1A66D}.Release|Any CPU.Build.0 = Release|Any CPU
		{791FE621-6CD5-4BD1-81CE-C80B0831CDB3}.Debug|Any CPU.ActiveCfg = Debug|Any CPU
		{791FE621-6CD5-4BD1-81CE-C80B0831CDB3}.Debug|Any CPU.Build.0 = Debug|Any CPU
		{791FE621-6CD5-4BD1-81CE-C80B0831CDB3}.Release|Any CPU.ActiveCfg = Release|Any CPU
		{791FE621-6CD5-4BD1-81CE-C80B0831CDB3}.Release|Any CPU.Build.0 = Release|Any CPU
	EndGlobalSection
	GlobalSection(SolutionProperties) = preSolution
		HideSolutionNode = FALSE
	EndGlobalSection
	GlobalSection(ExtensibilityGlobals) = postSolution
		SolutionGuid = {F6A31397-7E7A-4B0C-9196-231F08F94421}
	EndGlobalSection
EndGlobal
