
Microsoft Visual Studio Solution File, Format Version 12.00
# Visual Studio 15
VisualStudioVersion = 15.0.26430.15
MinimumVisualStudioVersion = 10.0.40219.1
Project("{FAE04EC0-301F-11D3-BF4B-00C04F79EFBC}") = "QuickInject", "src\QuickInject.csproj", "{489644E9-EEE5-48A5-9359-411139302B9D}"
EndProject
Project("{FAE04EC0-301F-11D3-BF4B-00C04F79EFBC}") = "UnitTests", "UnitTests\UnitTests.csproj", "{C2DBEA06-E93C-4230-A75C-852495BB9A6F}"
EndProject
Project("{FAE04EC0-301F-11D3-BF4B-00C04F79EFBC}") = "TestApp", "TestApp\TestApp.csproj", "{D4DA6B84-DD98-4DA8-937C-76919321DA4E}"
EndProject
Project("{FAE04EC0-301F-11D3-BF4B-00C04F79EFBC}") = "TestApp2", "TestApp2\TestApp2.csproj", "{860789D0-03F2-47F5-A695-FE3E86C461EA}"
EndProject
Global
	GlobalSection(SolutionConfigurationPlatforms) = preSolution
		Debug|Any CPU = Debug|Any CPU
		Release|Any CPU = Release|Any CPU
	EndGlobalSection
	GlobalSection(ProjectConfigurationPlatforms) = postSolution
		{489644E9-EEE5-48A5-9359-411139302B9D}.Debug|Any CPU.ActiveCfg = Debug|Any CPU
		{489644E9-EEE5-48A5-9359-411139302B9D}.Debug|Any CPU.Build.0 = Debug|Any CPU
		{489644E9-EEE5-48A5-9359-411139302B9D}.Release|Any CPU.ActiveCfg = Release|Any CPU
		{489644E9-EEE5-48A5-9359-411139302B9D}.Release|Any CPU.Build.0 = Release|Any CPU
		{C2DBEA06-E93C-4230-A75C-852495BB9A6F}.Debug|Any CPU.ActiveCfg = Debug|Any CPU
		{C2DBEA06-E93C-4230-A75C-852495BB9A6F}.Debug|Any CPU.Build.0 = Debug|Any CPU
		{C2DBEA06-E93C-4230-A75C-852495BB9A6F}.Release|Any CPU.ActiveCfg = Release|Any CPU
		{C2DBEA06-E93C-4230-A75C-852495BB9A6F}.Release|Any CPU.Build.0 = Release|Any CPU
		{D4DA6B84-DD98-4DA8-937C-76919321DA4E}.Debug|Any CPU.ActiveCfg = Debug|Any CPU
		{D4DA6B84-DD98-4DA8-937C-76919321DA4E}.Debug|Any CPU.Build.0 = Debug|Any CPU
		{D4DA6B84-DD98-4DA8-937C-76919321DA4E}.Release|Any CPU.ActiveCfg = Release|Any CPU
		{D4DA6B84-DD98-4DA8-937C-76919321DA4E}.Release|Any CPU.Build.0 = Release|Any CPU
		{860789D0-03F2-47F5-A695-FE3E86C461EA}.Debug|Any CPU.ActiveCfg = Debug|Any CPU
		{860789D0-03F2-47F5-A695-FE3E86C461EA}.Debug|Any CPU.Build.0 = Debug|Any CPU
		{860789D0-03F2-47F5-A695-FE3E86C461EA}.Release|Any CPU.ActiveCfg = Release|Any CPU
		{860789D0-03F2-47F5-A695-FE3E86C461EA}.Release|Any CPU.Build.0 = Release|Any CPU
	EndGlobalSection
	GlobalSection(SolutionProperties) = preSolution
		HideSolutionNode = FALSE
	EndGlobalSection
EndGlobal
